// !$*UTF8*$!
{
	archiveVersion = 1;
	classes = {
	};
	objectVersion = 56;
	objects = {

/* Begin PBXBuildFile section */
		35704BA72C03BA9800165707 /* Namaz_Guide_BanglaApp.swift in Sources */ = {isa = PBXBuildFile; fileRef = 35704BA62C03BA9800165707 /* Namaz_Guide_BanglaApp.swift */; };
		35704BA92C03BA9800165707 /* ContentView.swift in Sources */ = {isa = PBXBuildFile; fileRef = 35704BA82C03BA9800165707 /* ContentView.swift */; };
		35704BAB2C03BA9A00165707 /* Assets.xcassets in Resources */ = {isa = PBXBuildFile; fileRef = 35704BAA2C03BA9A00165707 /* Assets.xcassets */; };
		35704BAE2C03BA9A00165707 /* Preview Assets.xcassets in Resources */ = {isa = PBXBuildFile; fileRef = 35704BAD2C03BA9A00165707 /* Preview Assets.xcassets */; };
		35704BBB2C03BC6500165707 /* PrayerTime.swift in Sources */ = {isa = PBXBuildFile; fileRef = 35704BBA2C03BC6500165707 /* PrayerTime.swift */; };
		35704BBD2C03BC8900165707 /* ApiSevices.swift in Sources */ = {isa = PBXBuildFile; fileRef = 35704BBC2C03BC8900165707 /* ApiSevices.swift */; };
		35704BBF2C03BCF800165707 /* PrayerTimeModel.swift in Sources */ = {isa = PBXBuildFile; fileRef = 35704BBE2C03BCF800165707 /* PrayerTimeModel.swift */; };
		35704BC12C03CDFA00165707 /* Tajbhi.swift in Sources */ = {isa = PBXBuildFile; fileRef = 35704BC02C03CDFA00165707 /* Tajbhi.swift */; };
		35704BC32C03E10F00165707 /* compass.swift in Sources */ = {isa = PBXBuildFile; fileRef = 35704BC22C03E10F00165707 /* compass.swift */; };
		35704BC52C03E27700165707 /* TabBarView.swift in Sources */ = {isa = PBXBuildFile; fileRef = 35704BC42C03E27700165707 /* TabBarView.swift */; };
/* End PBXBuildFile section */

/* Begin PBXFileReference section */
		35704BA32C03BA9800165707 /* Namaz Guide Bangla.app */ = {isa = PBXFileReference; explicitFileType = wrapper.application; includeInIndex = 0; path = "Namaz Guide Bangla.app"; sourceTree = BUILT_PRODUCTS_DIR; };
		35704BA62C03BA9800165707 /* Namaz_Guide_BanglaApp.swift */ = {isa = PBXFileReference; lastKnownFileType = sourcecode.swift; path = Namaz_Guide_BanglaApp.swift; sourceTree = "<group>"; };
		35704BA82C03BA9800165707 /* ContentView.swift */ = {isa = PBXFileReference; lastKnownFileType = sourcecode.swift; path = ContentView.swift; sourceTree = "<group>"; };
		35704BAA2C03BA9A00165707 /* Assets.xcassets */ = {isa = PBXFileReference; lastKnownFileType = folder.assetcatalog; path = Assets.xcassets; sourceTree = "<group>"; };
		35704BAD2C03BA9A00165707 /* Preview Assets.xcassets */ = {isa = PBXFileReference; lastKnownFileType = folder.assetcatalog; path = "Preview Assets.xcassets"; sourceTree = "<group>"; };
		35704BBA2C03BC6500165707 /* PrayerTime.swift */ = {isa = PBXFileReference; lastKnownFileType = sourcecode.swift; path = PrayerTime.swift; sourceTree = "<group>"; };
		35704BBC2C03BC8900165707 /* ApiSevices.swift */ = {isa = PBXFileReference; lastKnownFileType = sourcecode.swift; path = ApiSevices.swift; sourceTree = "<group>"; };
		35704BBE2C03BCF800165707 /* PrayerTimeModel.swift */ = {isa = PBXFileReference; lastKnownFileType = sourcecode.swift; path = PrayerTimeModel.swift; sourceTree = "<group>"; };
		35704BC02C03CDFA00165707 /* Tajbhi.swift */ = {isa = PBXFileReference; lastKnownFileType = sourcecode.swift; path = Tajbhi.swift; sourceTree = "<group>"; };
		35704BC22C03E10F00165707 /* compass.swift */ = {isa = PBXFileReference; lastKnownFileType = sourcecode.swift; path = compass.swift; sourceTree = "<group>"; };
		35704BC42C03E27700165707 /* TabBarView.swift */ = {isa = PBXFileReference; lastKnownFileType = sourcecode.swift; path = TabBarView.swift; sourceTree = "<group>"; };
/* End PBXFileReference section */

/* Begin PBXFrameworksBuildPhase section */
		35704BA02C03BA9800165707 /* Frameworks */ = {
			isa = PBXFrameworksBuildPhase;
			buildActionMask = 2147483647;
			files = (
			);
			runOnlyForDeploymentPostprocessing = 0;
		};
/* End PBXFrameworksBuildPhase section */

/* Begin PBXGroup section */
		35704B9A2C03BA9800165707 = {
			isa = PBXGroup;
			children = (
				35704BA52C03BA9800165707 /* Namaz Guide Bangla */,
				35704BA42C03BA9800165707 /* Products */,
			);
			sourceTree = "<group>";
		};
		35704BA42C03BA9800165707 /* Products */ = {
			isa = PBXGroup;
			children = (
				35704BA32C03BA9800165707 /* Namaz Guide Bangla.app */,
			);
			name = Products;
			sourceTree = "<group>";
		};
		35704BA52C03BA9800165707 /* Namaz Guide Bangla */ = {
			isa = PBXGroup;
			children = (
				35704BB72C03BAC200165707 /* Model */,
				35704BB62C03BAB600165707 /* ViewModel */,
				35704BB52C03BAAD00165707 /* View */,
				35704BB42C03BAA300165707 /* Service */,
				35704BA62C03BA9800165707 /* Namaz_Guide_BanglaApp.swift */,
				35704BAA2C03BA9A00165707 /* Assets.xcassets */,
				35704BAC2C03BA9A00165707 /* Preview Content */,
			);
			path = "Namaz Guide Bangla";
			sourceTree = "<group>";
		};
		35704BAC2C03BA9A00165707 /* Preview Content */ = {
			isa = PBXGroup;
			children = (
				35704BAD2C03BA9A00165707 /* Preview Assets.xcassets */,
			);
			path = "Preview Content";
			sourceTree = "<group>";
		};
		35704BB42C03BAA300165707 /* Service */ = {
			isa = PBXGroup;
			children = (
			);
			path = Service;
			sourceTree = "<group>";
		};
		35704BB52C03BAAD00165707 /* View */ = {
			isa = PBXGroup;
			children = (
				35704BA82C03BA9800165707 /* ContentView.swift */,
				35704BC02C03CDFA00165707 /* Tajbhi.swift */,
				35704BC22C03E10F00165707 /* compass.swift */,
				35704BC42C03E27700165707 /* TabBarView.swift */,
			);
			path = View;
			sourceTree = "<group>";
		};
		35704BB62C03BAB600165707 /* ViewModel */ = {
			isa = PBXGroup;
			children = (
				35704BBA2C03BC6500165707 /* PrayerTime.swift */,
				35704BBC2C03BC8900165707 /* ApiSevices.swift */,
			);
			path = ViewModel;
			sourceTree = "<group>";
		};
		35704BB72C03BAC200165707 /* Model */ = {
			isa = PBXGroup;
			children = (
				35704BBE2C03BCF800165707 /* PrayerTimeModel.swift */,
			);
			path = Model;
			sourceTree = "<group>";
		};
/* End PBXGroup section */

/* Begin PBXNativeTarget section */
		35704BA22C03BA9800165707 /* Namaz Guide Bangla */ = {
			isa = PBXNativeTarget;
			buildConfigurationList = 35704BB12C03BA9A00165707 /* Build configuration list for PBXNativeTarget "Namaz Guide Bangla" */;
			buildPhases = (
				35704B9F2C03BA9800165707 /* Sources */,
				35704BA02C03BA9800165707 /* Frameworks */,
				35704BA12C03BA9800165707 /* Resources */,
			);
			buildRules = (
			);
			dependencies = (
			);
			name = "Namaz Guide Bangla";
			productName = "Namaz Guide Bangla";
			productReference = 35704BA32C03BA9800165707 /* Namaz Guide Bangla.app */;
			productType = "com.apple.product-type.application";
		};
/* End PBXNativeTarget section */

/* Begin PBXProject section */
		35704B9B2C03BA9800165707 /* Project object */ = {
			isa = PBXProject;
			attributes = {
				BuildIndependentTargetsInParallel = 1;
				LastSwiftUpdateCheck = 1530;
				LastUpgradeCheck = 1530;
				TargetAttributes = {
					35704BA22C03BA9800165707 = {
						CreatedOnToolsVersion = 15.3;
					};
				};
			};
			buildConfigurationList = 35704B9E2C03BA9800165707 /* Build configuration list for PBXProject "Namaz Guide Bangla" */;
			compatibilityVersion = "Xcode 14.0";
			developmentRegion = en;
			hasScannedForEncodings = 0;
			knownRegions = (
				en,
				Base,
			);
			mainGroup = 35704B9A2C03BA9800165707;
			productRefGroup = 35704BA42C03BA9800165707 /* Products */;
			projectDirPath = "";
			projectRoot = "";
			targets = (
				35704BA22C03BA9800165707 /* Namaz Guide Bangla */,
			);
		};
/* End PBXProject section */

/* Begin PBXResourcesBuildPhase section */
		35704BA12C03BA9800165707 /* Resources */ = {
			isa = PBXResourcesBuildPhase;
			buildActionMask = 2147483647;
			files = (
				35704BAE2C03BA9A00165707 /* Preview Assets.xcassets in Resources */,
				35704BAB2C03BA9A00165707 /* Assets.xcassets in Resources */,
			);
			runOnlyForDeploymentPostprocessing = 0;
		};
/* End PBXResourcesBuildPhase section */

/* Begin PBXSourcesBuildPhase section */
		35704B9F2C03BA9800165707 /* Sources */ = {
			isa = PBXSourcesBuildPhase;
			buildActionMask = 2147483647;
			files = (
				35704BA92C03BA9800165707 /* ContentView.swift in Sources */,
				35704BBF2C03BCF800165707 /* PrayerTimeModel.swift in Sources */,
				35704BC52C03E27700165707 /* TabBarView.swift in Sources */,
				35704BBB2C03BC6500165707 /* PrayerTime.swift in Sources */,
				35704BC32C03E10F00165707 /* compass.swift in Sources */,
				35704BC12C03CDFA00165707 /* Tajbhi.swift in Sources */,
				35704BA72C03BA9800165707 /* Namaz_Guide_BanglaApp.swift in Sources */,
				35704BBD2C03BC8900165707 /* ApiSevices.swift in Sources */,
			);
			runOnlyForDeploymentPostprocessing = 0;
		};
/* End PBXSourcesBuildPhase section */

/* Begin XCBuildConfiguration section */
		35704BAF2C03BA9A00165707 /* Debug */ = {
			isa = XCBuildConfiguration;
			buildSettings = {
				ALWAYS_SEARCH_USER_PATHS = NO;
				ASSETCATALOG_COMPILER_GENERATE_SWIFT_ASSET_SYMBOL_EXTENSIONS = YES;
				CLANG_ANALYZER_NONNULL = YES;
				CLANG_ANALYZER_NUMBER_OBJECT_CONVERSION = YES_AGGRESSIVE;
				CLANG_CXX_LANGUAGE_STANDARD = "gnu++20";
				CLANG_ENABLE_MODULES = YES;
				CLANG_ENABLE_OBJC_ARC = YES;
				CLANG_ENABLE_OBJC_WEAK = YES;
				CLANG_WARN_BLOCK_CAPTURE_AUTORELEASING = YES;
				CLANG_WARN_BOOL_CONVERSION = YES;
				CLANG_WARN_COMMA = YES;
				CLANG_WARN_CONSTANT_CONVERSION = YES;
				CLANG_WARN_DEPRECATED_OBJC_IMPLEMENTATIONS = YES;
				CLANG_WARN_DIRECT_OBJC_ISA_USAGE = YES_ERROR;
				CLANG_WARN_DOCUMENTATION_COMMENTS = YES;
				CLANG_WARN_EMPTY_BODY = YES;
				CLANG_WARN_ENUM_CONVERSION = YES;
				CLANG_WARN_INFINITE_RECURSION = YES;
				CLANG_WARN_INT_CONVERSION = YES;
				CLANG_WARN_NON_LITERAL_NULL_CONVERSION = YES;
				CLANG_WARN_OBJC_IMPLICIT_RETAIN_SELF = YES;
				CLANG_WARN_OBJC_LITERAL_CONVERSION = YES;
				CLANG_WARN_OBJC_ROOT_CLASS = YES_ERROR;
				CLANG_WARN_QUOTED_INCLUDE_IN_FRAMEWORK_HEADER = YES;
				CLANG_WARN_RANGE_LOOP_ANALYSIS = YES;
				CLANG_WARN_STRICT_PROTOTYPES = YES;
				CLANG_WARN_SUSPICIOUS_MOVE = YES;
				CLANG_WARN_UNGUARDED_AVAILABILITY = YES_AGGRESSIVE;
				CLANG_WARN_UNREACHABLE_CODE = YES;
				CLANG_WARN__DUPLICATE_METHOD_MATCH = YES;
				COPY_PHASE_STRIP = NO;
				DEBUG_INFORMATION_FORMAT = dwarf;
				ENABLE_STRICT_OBJC_MSGSEND = YES;
				ENABLE_TESTABILITY = YES;
				ENABLE_USER_SCRIPT_SANDBOXING = YES;
				GCC_C_LANGUAGE_STANDARD = gnu17;
				GCC_DYNAMIC_NO_PIC = NO;
				GCC_NO_COMMON_BLOCKS = YES;
				GCC_OPTIMIZATION_LEVEL = 0;
				GCC_PREPROCESSOR_DEFINITIONS = (
					"DEBUG=1",
					"$(inherited)",
				);
				GCC_WARN_64_TO_32_BIT_CONVERSION = YES;
				GCC_WARN_ABOUT_RETURN_TYPE = YES_ERROR;
				GCC_WARN_UNDECLARED_SELECTOR = YES;
				GCC_WARN_UNINITIALIZED_AUTOS = YES_AGGRESSIVE;
				GCC_WARN_UNUSED_FUNCTION = YES;
				GCC_WARN_UNUSED_VARIABLE = YES;
				IPHONEOS_DEPLOYMENT_TARGET = 17.4;
				LOCALIZATION_PREFERS_STRING_CATALOGS = YES;
				MTL_ENABLE_DEBUG_INFO = INCLUDE_SOURCE;
				MTL_FAST_MATH = YES;
				ONLY_ACTIVE_ARCH = YES;
				SDKROOT = iphoneos;
				SWIFT_ACTIVE_COMPILATION_CONDITIONS = "DEBUG $(inherited)";
				SWIFT_OPTIMIZATION_LEVEL = "-Onone";
			};
			name = Debug;
		};
		35704BB02C03BA9A00165707 /* Release */ = {
			isa = XCBuildConfiguration;
			buildSettings = {
				ALWAYS_SEARCH_USER_PATHS = NO;
				ASSETCATALOG_COMPILER_GENERATE_SWIFT_ASSET_SYMBOL_EXTENSIONS = YES;
				CLANG_ANALYZER_NONNULL = YES;
				CLANG_ANALYZER_NUMBER_OBJECT_CONVERSION = YES_AGGRESSIVE;
				CLANG_CXX_LANGUAGE_STANDARD = "gnu++20";
				CLANG_ENABLE_MODULES = YES;
				CLANG_ENABLE_OBJC_ARC = YES;
				CLANG_ENABLE_OBJC_WEAK = YES;
				CLANG_WARN_BLOCK_CAPTURE_AUTORELEASING = YES;
				CLANG_WARN_BOOL_CONVERSION = YES;
				CLANG_WARN_COMMA = YES;
				CLANG_WARN_CONSTANT_CONVERSION = YES;
				CLANG_WARN_DEPRECATED_OBJC_IMPLEMENTATIONS = YES;
				CLANG_WARN_DIRECT_OBJC_ISA_USAGE = YES_ERROR;
				CLANG_WARN_DOCUMENTATION_COMMENTS = YES;
				CLANG_WARN_EMPTY_BODY = YES;
				CLANG_WARN_ENUM_CONVERSION = YES;
				CLANG_WARN_INFINITE_RECURSION = YES;
				CLANG_WARN_INT_CONVERSION = YES;
				CLANG_WARN_NON_LITERAL_NULL_CONVERSION = YES;
				CLANG_WARN_OBJC_IMPLICIT_RETAIN_SELF = YES;
				CLANG_WARN_OBJC_LITERAL_CONVERSION = YES;
				CLANG_WARN_OBJC_ROOT_CLASS = YES_ERROR;
				CLANG_WARN_QUOTED_INCLUDE_IN_FRAMEWORK_HEADER = YES;
				CLANG_WARN_RANGE_LOOP_ANALYSIS = YES;
				CLANG_WARN_STRICT_PROTOTYPES = YES;
				CLANG_WARN_SUSPICIOUS_MOVE = YES;
				CLANG_WARN_UNGUARDED_AVAILABILITY = YES_AGGRESSIVE;
				CLANG_WARN_UNREACHABLE_CODE = YES;
				CLANG_WARN__DUPLICATE_METHOD_MATCH = YES;
				COPY_PHASE_STRIP = NO;
				DEBUG_INFORMATION_FORMAT = "dwarf-with-dsym";
				ENABLE_NS_ASSERTIONS = NO;
				ENABLE_STRICT_OBJC_MSGSEND = YES;
				ENABLE_USER_SCRIPT_SANDBOXING = YES;
				GCC_C_LANGUAGE_STANDARD = gnu17;
				GCC_NO_COMMON_BLOCKS = YES;
				GCC_WARN_64_TO_32_BIT_CONVERSION = YES;
				GCC_WARN_ABOUT_RETURN_TYPE = YES_ERROR;
				GCC_WARN_UNDECLARED_SELECTOR = YES;
				GCC_WARN_UNINITIALIZED_AUTOS = YES_AGGRESSIVE;
				GCC_WARN_UNUSED_FUNCTION = YES;
				GCC_WARN_UNUSED_VARIABLE = YES;
				IPHONEOS_DEPLOYMENT_TARGET = 17.4;
				LOCALIZATION_PREFERS_STRING_CATALOGS = YES;
				MTL_ENABLE_DEBUG_INFO = NO;
				MTL_FAST_MATH = YES;
				SDKROOT = iphoneos;
				SWIFT_COMPILATION_MODE = wholemodule;
				VALIDATE_PRODUCT = YES;
			};
			name = Release;
		};
		35704BB22C03BA9A00165707 /* Debug */ = {
			isa = XCBuildConfiguration;
			buildSettings = {
				ASSETCATALOG_COMPILER_APPICON_NAME = AppIcon;
				ASSETCATALOG_COMPILER_GLOBAL_ACCENT_COLOR_NAME = AccentColor;
				CODE_SIGN_STYLE = Automatic;
				CURRENT_PROJECT_VERSION = 1;
				DEVELOPMENT_ASSET_PATHS = "\"Namaz Guide Bangla/Preview Content\"";
				DEVELOPMENT_TEAM = 2YR76576KZ;
				ENABLE_PREVIEWS = YES;
				GENERATE_INFOPLIST_FILE = YES;
				INFOPLIST_KEY_NSLocationAlwaysUsageDescription = "We need your location to provide accurate Namaz times";
				INFOPLIST_KEY_NSLocationWhenInUseUsageDescription = "We need your location to provide accurate Namaz times";
				INFOPLIST_KEY_UIApplicationSceneManifest_Generation = YES;
				INFOPLIST_KEY_UIApplicationSupportsIndirectInputEvents = YES;
				INFOPLIST_KEY_UILaunchScreen_Generation = YES;
				INFOPLIST_KEY_UISupportedInterfaceOrientations_iPad = "UIInterfaceOrientationPortrait UIInterfaceOrientationPortraitUpsideDown UIInterfaceOrientationLandscapeLeft UIInterfaceOrientationLandscapeRight";
				INFOPLIST_KEY_UISupportedInterfaceOrientations_iPhone = "UIInterfaceOrientationPortrait UIInterfaceOrientationLandscapeLeft UIInterfaceOrientationLandscapeRight";
				LD_RUNPATH_SEARCH_PATHS = (
					"$(inherited)",
					"@executable_path/Frameworks",
				);
				MARKETING_VERSION = 1.0;
				PRODUCT_BUNDLE_IDENTIFIER = "com.deep.Namaz-Guide-Bangla";
				PRODUCT_NAME = "$(TARGET_NAME)";
				SWIFT_EMIT_LOC_STRINGS = YES;
				SWIFT_VERSION = 5.0;
				TARGETED_DEVICE_FAMILY = "1,2";
			};
			name = Debug;
		};
		35704BB32C03BA9A00165707 /* Release */ = {
			isa = XCBuildConfiguration;
			buildSettings = {
				ASSETCATALOG_COMPILER_APPICON_NAME = AppIcon;
				ASSETCATALOG_COMPILER_GLOBAL_ACCENT_COLOR_NAME = AccentColor;
				CODE_SIGN_STYLE = Automatic;
				CURRENT_PROJECT_VERSION = 1;
				DEVELOPMENT_ASSET_PATHS = "\"Namaz Guide Bangla/Preview Content\"";
				DEVELOPMENT_TEAM = 2YR76576KZ;
				ENABLE_PREVIEWS = YES;
				GENERATE_INFOPLIST_FILE = YES;
				INFOPLIST_KEY_NSLocationAlwaysUsageDescription = "We need your location to provide accurate Namaz times";
				INFOPLIST_KEY_NSLocationWhenInUseUsageDescription = "We need your location to provide accurate Namaz times";
				INFOPLIST_KEY_UIApplicationSceneManifest_Generation = YES;
				INFOPLIST_KEY_UIApplicationSupportsIndirectInputEvents = YES;
				INFOPLIST_KEY_UILaunchScreen_Generation = YES;
				INFOPLIST_KEY_UISupportedInterfaceOrientations_iPad = "UIInterfaceOrientationPortrait UIInterfaceOrientationPortraitUpsideDown UIInterfaceOrientationLandscapeLeft UIInterfaceOrientationLandscapeRight";
				INFOPLIST_KEY_UISupportedInterfaceOrientations_iPhone = "UIInterfaceOrientationPortrait UIInterfaceOrientationLandscapeLeft UIInterfaceOrientationLandscapeRight";
				LD_RUNPATH_SEARCH_PATHS = (
					"$(inherited)",
					"@executable_path/Frameworks",
				);
				MARKETING_VERSION = 1.0;
				PRODUCT_BUNDLE_IDENTIFIER = "com.deep.Namaz-Guide-Bangla";
				PRODUCT_NAME = "$(TARGET_NAME)";
				SWIFT_EMIT_LOC_STRINGS = YES;
				SWIFT_VERSION = 5.0;
				TARGETED_DEVICE_FAMILY = "1,2";
			};
			name = Release;
		};
/* End XCBuildConfiguration section */

/* Begin XCConfigurationList section */
		35704B9E2C03BA9800165707 /* Build configuration list for PBXProject "Namaz Guide Bangla" */ = {
			isa = XCConfigurationList;
			buildConfigurations = (
				35704BAF2C03BA9A00165707 /* Debug */,
				35704BB02C03BA9A00165707 /* Release */,
			);
			defaultConfigurationIsVisible = 0;
			defaultConfigurationName = Release;
		};
		35704BB12C03BA9A00165707 /* Build configuration list for PBXNativeTarget "Namaz Guide Bangla" */ = {
			isa = XCConfigurationList;
			buildConfigurations = (
				35704BB22C03BA9A00165707 /* Debug */,
				35704BB32C03BA9A00165707 /* Release */,
			);
			defaultConfigurationIsVisible = 0;
			defaultConfigurationName = Release;
		};
/* End XCConfigurationList section */
	};
	rootObject = 35704B9B2C03BA9800165707 /* Project object */;
}
